
Microsoft Visual Studio Solution File, Format Version 12.00
# Visual Studio Version 16
VisualStudioVersion = 16.0.31321.278
MinimumVisualStudioVersion = 10.0.40219.1
Project("{9A19103F-16F7-4668-BE54-9A1E7A4F7556}") = "Portal_Project", "Portal_Project\Portal_Project.csproj", "{67DC2765-A773-4B01-B667-73617F683CCD}"
EndProject
Project("{FAE04EC0-301F-11D3-BF4B-00C04F79EFBC}") = "Portal_Model", "Portal_Model\Portal_Model.csproj", "{FAC6B8A1-08A0-4A23-889C-FE31A75930FC}"
EndProject
Project("{FAE04EC0-301F-11D3-BF4B-00C04F79EFBC}") = "Portal_Test", "Portal_Test\Portal_Test.csproj", "{279307DE-83D0-4489-A351-9001DA289798}"
EndProject
Global
	GlobalSection(SolutionConfigurationPlatforms) = preSolution
		Debug|Any CPU = Debug|Any CPU
		Release|Any CPU = Release|Any CPU
	EndGlobalSection
	GlobalSection(ProjectConfigurationPlatforms) = postSolution
		{67DC2765-A773-4B01-B667-73617F683CCD}.Debug|Any CPU.ActiveCfg = Debug|Any CPU
		{67DC2765-A773-4B01-B667-73617F683CCD}.Debug|Any CPU.Build.0 = Debug|Any CPU
		{67DC2765-A773-4B01-B667-73617F683CCD}.Release|Any CPU.ActiveCfg = Release|Any CPU
		{67DC2765-A773-4B01-B667-73617F683CCD}.Release|Any CPU.Build.0 = Release|Any CPU
		{FAC6B8A1-08A0-4A23-889C-FE31A75930FC}.Debug|Any CPU.ActiveCfg = Debug|Any CPU
		{FAC6B8A1-08A0-4A23-889C-FE31A75930FC}.Debug|Any CPU.Build.0 = Debug|Any CPU
		{FAC6B8A1-08A0-4A23-889C-FE31A75930FC}.Release|Any CPU.ActiveCfg = Release|Any CPU
		{FAC6B8A1-08A0-4A23-889C-FE31A75930FC}.Release|Any CPU.Build.0 = Release|Any CPU
		{279307DE-83D0-4489-A351-9001DA289798}.Debug|Any CPU.ActiveCfg = Debug|Any CPU
		{279307DE-83D0-4489-A351-9001DA289798}.Debug|Any CPU.Build.0 = Debug|Any CPU
		{279307DE-83D0-4489-A351-9001DA289798}.Release|Any CPU.ActiveCfg = Release|Any CPU
		{279307DE-83D0-4489-A351-9001DA289798}.Release|Any CPU.Build.0 = Release|Any CPU
	EndGlobalSection
	GlobalSection(SolutionProperties) = preSolution
		HideSolutionNode = FALSE
	EndGlobalSection
	GlobalSection(ExtensibilityGlobals) = postSolution
		SolutionGuid = {C815F77A-BCD0-4D81-B3B8-246FD2D66B45}
	EndGlobalSection
EndGlobal
